{
  "name": "threeJs-demo-normal",
  "version": "1.0.0",
  "lockfileVersion": 1,
  "requires": true,
  "dependencies": {
    "fetch-js": {
      "version": "1.0.3",
      "resolved": "https://registry.npm.taobao.org/fetch-js/download/fetch-js-1.0.3.tgz",
      "integrity": "sha1-dJgNtYL4vJ1vcjtqMhHlKfob5l0="
    }
  }
}
